
Microsoft Visual Studio Solution File, Format Version 12.00
# Visual Studio 14
VisualStudioVersion = 14.0.22823.1
MinimumVisualStudioVersion = 10.0.40219.1
Project("{FAE04EC0-301F-11D3-BF4B-00C04F79EFBC}") = "Butler.Schema.Mime", "Butler.Schema.Mime\Butler.Schema.Mime.csproj", "{4BF03588-1B4E-471C-9CBD-0A123D314C41}"
EndProject
Project("{FAE04EC0-301F-11D3-BF4B-00C04F79EFBC}") = "Butler.Schema.Common", "Butler.Schema.Common\Butler.Schema.Common.csproj", "{1D000363-E9A9-457A-973E-5A59C09E0E6E}"
EndProject
Project("{FAE04EC0-301F-11D3-BF4B-00C04F79EFBC}") = "Butler.Schema.Globalization", "Butler.Schema.Globalization\Butler.Schema.Globalization.csproj", "{A965BECA-784C-4ACE-AB67-9D6ED183BDF9}"
EndProject
Project("{FAE04EC0-301F-11D3-BF4B-00C04F79EFBC}") = "Butler.Schema.Mime.Encoders", "Butler.Schema.Mime.Encoders\Butler.Schema.Mime.Encoders.csproj", "{2523D0A2-09EF-421C-A5FD-A88DFC7BC806}"
EndProject
Global
	GlobalSection(SolutionConfigurationPlatforms) = preSolution
		Debug|Any CPU = Debug|Any CPU
		Release|Any CPU = Release|Any CPU
	EndGlobalSection
	GlobalSection(ProjectConfigurationPlatforms) = postSolution
		{4BF03588-1B4E-471C-9CBD-0A123D314C41}.Debug|Any CPU.ActiveCfg = Debug|Any CPU
		{4BF03588-1B4E-471C-9CBD-0A123D314C41}.Debug|Any CPU.Build.0 = Debug|Any CPU
		{4BF03588-1B4E-471C-9CBD-0A123D314C41}.Release|Any CPU.ActiveCfg = Release|Any CPU
		{4BF03588-1B4E-471C-9CBD-0A123D314C41}.Release|Any CPU.Build.0 = Release|Any CPU
		{1D000363-E9A9-457A-973E-5A59C09E0E6E}.Debug|Any CPU.ActiveCfg = Debug|Any CPU
		{1D000363-E9A9-457A-973E-5A59C09E0E6E}.Debug|Any CPU.Build.0 = Debug|Any CPU
		{1D000363-E9A9-457A-973E-5A59C09E0E6E}.Release|Any CPU.ActiveCfg = Release|Any CPU
		{1D000363-E9A9-457A-973E-5A59C09E0E6E}.Release|Any CPU.Build.0 = Release|Any CPU
		{A965BECA-784C-4ACE-AB67-9D6ED183BDF9}.Debug|Any CPU.ActiveCfg = Debug|Any CPU
		{A965BECA-784C-4ACE-AB67-9D6ED183BDF9}.Debug|Any CPU.Build.0 = Debug|Any CPU
		{A965BECA-784C-4ACE-AB67-9D6ED183BDF9}.Release|Any CPU.ActiveCfg = Release|Any CPU
		{A965BECA-784C-4ACE-AB67-9D6ED183BDF9}.Release|Any CPU.Build.0 = Release|Any CPU
		{2523D0A2-09EF-421C-A5FD-A88DFC7BC806}.Debug|Any CPU.ActiveCfg = Debug|Any CPU
		{2523D0A2-09EF-421C-A5FD-A88DFC7BC806}.Debug|Any CPU.Build.0 = Debug|Any CPU
		{2523D0A2-09EF-421C-A5FD-A88DFC7BC806}.Release|Any CPU.ActiveCfg = Release|Any CPU
		{2523D0A2-09EF-421C-A5FD-A88DFC7BC806}.Release|Any CPU.Build.0 = Release|Any CPU
	EndGlobalSection
	GlobalSection(SolutionProperties) = preSolution
		HideSolutionNode = FALSE
	EndGlobalSection
EndGlobal
